
Microsoft Visual Studio Solution File, Format Version 12.00
# Visual Studio Version 16
VisualStudioVersion = 16.0.29230.47
MinimumVisualStudioVersion = 10.0.40219.1
Project("{888888A0-9F3D-457C-B088-3A5042F75D52}") = "Inlämningar", "Inlämningar\Inlämningar.pyproj", "{46EE1296-A6AA-469C-A56F-A6D2664217D4}"
EndProject
Global
	GlobalSection(SolutionConfigurationPlatforms) = preSolution
		Debug|Any CPU = Debug|Any CPU
		Release|Any CPU = Release|Any CPU
	EndGlobalSection
	GlobalSection(ProjectConfigurationPlatforms) = postSolution
		{46EE1296-A6AA-469C-A56F-A6D2664217D4}.Debug|Any CPU.ActiveCfg = Debug|Any CPU
		{46EE1296-A6AA-469C-A56F-A6D2664217D4}.Release|Any CPU.ActiveCfg = Release|Any CPU
	EndGlobalSection
	GlobalSection(SolutionProperties) = preSolution
		HideSolutionNode = FALSE
	EndGlobalSection
	GlobalSection(ExtensibilityGlobals) = postSolution
		SolutionGuid = {D697BEA8-D042-435D-81E5-173AE71F6600}
	EndGlobalSection
EndGlobal
